
Microsoft Visual Studio Solution File, Format Version 12.00
# Visual Studio Version 16
VisualStudioVersion = 16.0.30330.147
MinimumVisualStudioVersion = 10.0.40219.1
Project("{FAE04EC0-301F-11D3-BF4B-00C04F79EFBC}") = "Proj_SB", "Proj_SB\Proj_SB.csproj", "{F87361D5-EB2A-4546-8130-BA71589B3047}"
EndProject
Global
	GlobalSection(SolutionConfigurationPlatforms) = preSolution
		Debug|Any CPU = Debug|Any CPU
		Release|Any CPU = Release|Any CPU
	EndGlobalSection
	GlobalSection(ProjectConfigurationPlatforms) = postSolution
		{F87361D5-EB2A-4546-8130-BA71589B3047}.Debug|Any CPU.ActiveCfg = Debug|Any CPU
		{F87361D5-EB2A-4546-8130-BA71589B3047}.Debug|Any CPU.Build.0 = Debug|Any CPU
		{F87361D5-EB2A-4546-8130-BA71589B3047}.Release|Any CPU.ActiveCfg = Release|Any CPU
		{F87361D5-EB2A-4546-8130-BA71589B3047}.Release|Any CPU.Build.0 = Release|Any CPU
	EndGlobalSection
	GlobalSection(SolutionProperties) = preSolution
		HideSolutionNode = FALSE
	EndGlobalSection
	GlobalSection(ExtensibilityGlobals) = postSolution
		SolutionGuid = {3E010F78-4296-4D83-98F7-6DE390383804}
	EndGlobalSection
EndGlobal
